
Microsoft Visual Studio Solution File, Format Version 12.00
# Visual Studio 15
VisualStudioVersion = 15.0.27004.2005
MinimumVisualStudioVersion = 10.0.40219.1
Project("{8BC9CEB8-8B4A-11D0-8D11-00A0C91BC942}") = "mnum 4", "mnum 4\mnum 4.vcxproj", "{21A7C7E5-FC0D-4C51-A96E-9F540A17ED67}"
EndProject
Global
	GlobalSection(SolutionConfigurationPlatforms) = preSolution
		Debug|x64 = Debug|x64
		Debug|x86 = Debug|x86
		Release|x64 = Release|x64
		Release|x86 = Release|x86
	EndGlobalSection
	GlobalSection(ProjectConfigurationPlatforms) = postSolution
		{21A7C7E5-FC0D-4C51-A96E-9F540A17ED67}.Debug|x64.ActiveCfg = Debug|x64
		{21A7C7E5-FC0D-4C51-A96E-9F540A17ED67}.Debug|x64.Build.0 = Debug|x64
		{21A7C7E5-FC0D-4C51-A96E-9F540A17ED67}.Debug|x86.ActiveCfg = Debug|Win32
		{21A7C7E5-FC0D-4C51-A96E-9F540A17ED67}.Debug|x86.Build.0 = Debug|Win32
		{21A7C7E5-FC0D-4C51-A96E-9F540A17ED67}.Release|x64.ActiveCfg = Release|x64
		{21A7C7E5-FC0D-4C51-A96E-9F540A17ED67}.Release|x64.Build.0 = Release|x64
		{21A7C7E5-FC0D-4C51-A96E-9F540A17ED67}.Release|x86.ActiveCfg = Release|Win32
		{21A7C7E5-FC0D-4C51-A96E-9F540A17ED67}.Release|x86.Build.0 = Release|Win32
	EndGlobalSection
	GlobalSection(SolutionProperties) = preSolution
		HideSolutionNode = FALSE
	EndGlobalSection
	GlobalSection(ExtensibilityGlobals) = postSolution
		SolutionGuid = {18C48942-BFA7-4EBB-8213-2DB6F6C6EBD9}
	EndGlobalSection
EndGlobal
